
Microsoft Visual Studio Solution File, Format Version 12.00
# Visual Studio 15
Project("{FAE04EC0-301F-11D3-BF4B-00C04F79EFBC}") = "Assembly-CSharp", "Assembly-CSharp.csproj", "{1459E4AA-40A4-5CFE-166E-79CA8CF74376}"
EndProject
Project("{FAE04EC0-301F-11D3-BF4B-00C04F79EFBC}") = "Assembly-CSharp-Editor", "Assembly-CSharp-Editor.csproj", "{BF654CD7-3661-EC01-8D44-DF3AA7DB65FA}"
EndProject
Global
	GlobalSection(SolutionConfigurationPlatforms) = preSolution
		Debug|Any CPU = Debug|Any CPU
		Release|Any CPU = Release|Any CPU
	EndGlobalSection
	GlobalSection(ProjectConfigurationPlatforms) = postSolution
		{1459E4AA-40A4-5CFE-166E-79CA8CF74376}.Debug|Any CPU.ActiveCfg = Debug|Any CPU
		{1459E4AA-40A4-5CFE-166E-79CA8CF74376}.Debug|Any CPU.Build.0 = Debug|Any CPU
		{1459E4AA-40A4-5CFE-166E-79CA8CF74376}.Release|Any CPU.ActiveCfg = Release|Any CPU
		{1459E4AA-40A4-5CFE-166E-79CA8CF74376}.Release|Any CPU.Build.0 = Release|Any CPU
		{BF654CD7-3661-EC01-8D44-DF3AA7DB65FA}.Debug|Any CPU.ActiveCfg = Debug|Any CPU
		{BF654CD7-3661-EC01-8D44-DF3AA7DB65FA}.Debug|Any CPU.Build.0 = Debug|Any CPU
		{BF654CD7-3661-EC01-8D44-DF3AA7DB65FA}.Release|Any CPU.ActiveCfg = Release|Any CPU
		{BF654CD7-3661-EC01-8D44-DF3AA7DB65FA}.Release|Any CPU.Build.0 = Release|Any CPU
	EndGlobalSection
	GlobalSection(SolutionProperties) = preSolution
		HideSolutionNode = FALSE
	EndGlobalSection
EndGlobal
